// !$*UTF8*$!
{
	archiveVersion = 1;
	classes = {
	};
	objectVersion = 48;
	objects = {

/* Begin PBXBuildFile section */
		DA175EBC1FD4E79700A72F30 /* MenuDemo.storyboard in Resources */ = {isa = PBXBuildFile; fileRef = DA175EBA1FD4E79700A72F30 /* MenuDemo.storyboard */; };
		DA26D1301FD23A920054EDAB /* LocalData.xcdatamodeld in Sources */ = {isa = PBXBuildFile; fileRef = DA26D12E1FD23A920054EDAB /* LocalData.xcdatamodeld */; };
		DA511BD91FD16E070017E940 /* Menu.storyboard in Resources */ = {isa = PBXBuildFile; fileRef = DA511BD81FD16E070017E940 /* Menu.storyboard */; };
		DA511BE11FD176910017E940 /* Home.storyboard in Resources */ = {isa = PBXBuildFile; fileRef = DA511BE01FD176910017E940 /* Home.storyboard */; };
		DA511BE31FD1774B0017E940 /* History.storyboard in Resources */ = {isa = PBXBuildFile; fileRef = DA511BE21FD1774B0017E940 /* History.storyboard */; };
		DA511BE51FD177700017E940 /* Profile.storyboard in Resources */ = {isa = PBXBuildFile; fileRef = DA511BE41FD177700017E940 /* Profile.storyboard */; };
		DA511C2B1FD1BE5D0017E940 /* SignIn.storyboard in Resources */ = {isa = PBXBuildFile; fileRef = DA511C2A1FD1BE5D0017E940 /* SignIn.storyboard */; };
		DA511C2D1FD1BF3A0017E940 /* SignUp.storyboard in Resources */ = {isa = PBXBuildFile; fileRef = DA511C2C1FD1BF3A0017E940 /* SignUp.storyboard */; };
		DA511C2F1FD1BFC40017E940 /* ForgetPassword.storyboard in Resources */ = {isa = PBXBuildFile; fileRef = DA511C2E1FD1BFC40017E940 /* ForgetPassword.storyboard */; };
		DA6C13671FD42E0F0076011A /* SorryHistory.storyboard in Resources */ = {isa = PBXBuildFile; fileRef = DA6C13651FD42E0F0076011A /* SorryHistory.storyboard */; };
		DA6C136B1FD445990076011A /* Cart.storyboard in Resources */ = {isa = PBXBuildFile; fileRef = DA6C136A1FD445990076011A /* Cart.storyboard */; };
		DA6C136D1FD448630076011A /* CartVC.swift in Sources */ = {isa = PBXBuildFile; fileRef = DA6C136C1FD448630076011A /* CartVC.swift */; };
		DACE50DD1FD392C4005C835B /* WelcomeVC.swift in Sources */ = {isa = PBXBuildFile; fileRef = DACE50DC1FD392C4005C835B /* WelcomeVC.swift */; };
		DACE50DF1FD392D8005C835B /* HomeVC.swift in Sources */ = {isa = PBXBuildFile; fileRef = DACE50DE1FD392D8005C835B /* HomeVC.swift */; };
		DACE50E11FD392EE005C835B /* HistoryVC.swift in Sources */ = {isa = PBXBuildFile; fileRef = DACE50E01FD392EE005C835B /* HistoryVC.swift */; };
		DACE50E31FD392FB005C835B /* ProfileVC.swift in Sources */ = {isa = PBXBuildFile; fileRef = DACE50E21FD392FB005C835B /* ProfileVC.swift */; };
		DACE50E51FD393A9005C835B /* SignInVC.swift in Sources */ = {isa = PBXBuildFile; fileRef = DACE50E41FD393A9005C835B /* SignInVC.swift */; };
		DACE50E71FD393B8005C835B /* SignUpVC.swift in Sources */ = {isa = PBXBuildFile; fileRef = DACE50E61FD393B8005C835B /* SignUpVC.swift */; };
		DACE50E91FD393C6005C835B /* ForgetPasswordVC.swift in Sources */ = {isa = PBXBuildFile; fileRef = DACE50E81FD393C6005C835B /* ForgetPasswordVC.swift */; };
		DAD85F5E1FD2D53D0036E3A1 /* LaunchScreen.storyboard in Resources */ = {isa = PBXBuildFile; fileRef = DAD85F5D1FD2D53D0036E3A1 /* LaunchScreen.storyboard */; };
		DAF6232B1FCD14F200B68D22 /* AppDelegate.swift in Sources */ = {isa = PBXBuildFile; fileRef = DAF6232A1FCD14F200B68D22 /* AppDelegate.swift */; };
		DAF623301FCD14F200B68D22 /* Welcome.storyboard in Resources */ = {isa = PBXBuildFile; fileRef = DAF6232E1FCD14F200B68D22 /* Welcome.storyboard */; };
		DAF623321FCD14F200B68D22 /* Assets.xcassets in Resources */ = {isa = PBXBuildFile; fileRef = DAF623311FCD14F200B68D22 /* Assets.xcassets */; };
		DAF79C931FD3ED6A00E44A86 /* SorryVC.swift in Sources */ = {isa = PBXBuildFile; fileRef = DAF79C921FD3ED6A00E44A86 /* SorryVC.swift */; };
		DAF79C971FD40F7A00E44A86 /* SorryProfile.storyboard in Resources */ = {isa = PBXBuildFile; fileRef = DAF79C961FD40F7A00E44A86 /* SorryProfile.storyboard */; };
/* End PBXBuildFile section */

/* Begin PBXFileReference section */
		DA175EBB1FD4E79700A72F30 /* Base */ = {isa = PBXFileReference; lastKnownFileType = file.storyboard; name = Base; path = Laundrivery/Storyboard/Base.lproj/MenuDemo.storyboard; sourceTree = "<group>"; };
		DA26D12F1FD23A920054EDAB /* LocalData.xcdatamodel */ = {isa = PBXFileReference; lastKnownFileType = wrapper.xcdatamodel; path = LocalData.xcdatamodel; sourceTree = "<group>"; };
		DA511BD81FD16E070017E940 /* Menu.storyboard */ = {isa = PBXFileReference; fileEncoding = 4; lastKnownFileType = file.storyboard; path = Menu.storyboard; sourceTree = "<group>"; };
		DA511BE01FD176910017E940 /* Home.storyboard */ = {isa = PBXFileReference; fileEncoding = 4; lastKnownFileType = file.storyboard; path = Home.storyboard; sourceTree = "<group>"; };
		DA511BE21FD1774B0017E940 /* History.storyboard */ = {isa = PBXFileReference; fileEncoding = 4; lastKnownFileType = file.storyboard; path = History.storyboard; sourceTree = "<group>"; };
		DA511BE41FD177700017E940 /* Profile.storyboard */ = {isa = PBXFileReference; fileEncoding = 4; lastKnownFileType = file.storyboard; path = Profile.storyboard; sourceTree = "<group>"; };
		DA511C2A1FD1BE5D0017E940 /* SignIn.storyboard */ = {isa = PBXFileReference; fileEncoding = 4; lastKnownFileType = file.storyboard; path = SignIn.storyboard; sourceTree = "<group>"; };
		DA511C2C1FD1BF3A0017E940 /* SignUp.storyboard */ = {isa = PBXFileReference; fileEncoding = 4; lastKnownFileType = file.storyboard; path = SignUp.storyboard; sourceTree = "<group>"; };
		DA511C2E1FD1BFC40017E940 /* ForgetPassword.storyboard */ = {isa = PBXFileReference; fileEncoding = 4; lastKnownFileType = file.storyboard; path = ForgetPassword.storyboard; sourceTree = "<group>"; };
		DA6C13661FD42E0F0076011A /* Base */ = {isa = PBXFileReference; lastKnownFileType = file.storyboard; name = Base; path = Laundrivery/Storyboard/Laundrivery/Storyboard/Base.lproj/SorryHistory.storyboard; sourceTree = "<group>"; };
		DA6C136A1FD445990076011A /* Cart.storyboard */ = {isa = PBXFileReference; fileEncoding = 4; lastKnownFileType = file.storyboard; path = Cart.storyboard; sourceTree = "<group>"; };
		DA6C136C1FD448630076011A /* CartVC.swift */ = {isa = PBXFileReference; lastKnownFileType = sourcecode.swift; path = CartVC.swift; sourceTree = "<group>"; };
		DACE50DC1FD392C4005C835B /* WelcomeVC.swift */ = {isa = PBXFileReference; lastKnownFileType = sourcecode.swift; path = WelcomeVC.swift; sourceTree = "<group>"; };
		DACE50DE1FD392D8005C835B /* HomeVC.swift */ = {isa = PBXFileReference; lastKnownFileType = sourcecode.swift; path = HomeVC.swift; sourceTree = "<group>"; };
		DACE50E01FD392EE005C835B /* HistoryVC.swift */ = {isa = PBXFileReference; lastKnownFileType = sourcecode.swift; path = HistoryVC.swift; sourceTree = "<group>"; };
		DACE50E21FD392FB005C835B /* ProfileVC.swift */ = {isa = PBXFileReference; lastKnownFileType = sourcecode.swift; path = ProfileVC.swift; sourceTree = "<group>"; };
		DACE50E41FD393A9005C835B /* SignInVC.swift */ = {isa = PBXFileReference; lastKnownFileType = sourcecode.swift; path = SignInVC.swift; sourceTree = "<group>"; };
		DACE50E61FD393B8005C835B /* SignUpVC.swift */ = {isa = PBXFileReference; lastKnownFileType = sourcecode.swift; path = SignUpVC.swift; sourceTree = "<group>"; };
		DACE50E81FD393C6005C835B /* ForgetPasswordVC.swift */ = {isa = PBXFileReference; lastKnownFileType = sourcecode.swift; path = ForgetPasswordVC.swift; sourceTree = "<group>"; };
		DAD85F5D1FD2D53D0036E3A1 /* LaunchScreen.storyboard */ = {isa = PBXFileReference; lastKnownFileType = file.storyboard; path = LaunchScreen.storyboard; sourceTree = "<group>"; };
		DAF623271FCD14F200B68D22 /* Laundrivery.app */ = {isa = PBXFileReference; explicitFileType = wrapper.application; includeInIndex = 0; path = Laundrivery.app; sourceTree = BUILT_PRODUCTS_DIR; };
		DAF6232A1FCD14F200B68D22 /* AppDelegate.swift */ = {isa = PBXFileReference; lastKnownFileType = sourcecode.swift; path = AppDelegate.swift; sourceTree = "<group>"; };
		DAF6232F1FCD14F200B68D22 /* Base */ = {isa = PBXFileReference; lastKnownFileType = file.storyboard; name = Base; path = Base.lproj/Welcome.storyboard; sourceTree = "<group>"; };
		DAF623311FCD14F200B68D22 /* Assets.xcassets */ = {isa = PBXFileReference; lastKnownFileType = folder.assetcatalog; path = Assets.xcassets; sourceTree = "<group>"; };
		DAF623361FCD14F200B68D22 /* Info.plist */ = {isa = PBXFileReference; lastKnownFileType = text.plist.xml; path = Info.plist; sourceTree = "<group>"; };
		DAF79C921FD3ED6A00E44A86 /* SorryVC.swift */ = {isa = PBXFileReference; lastKnownFileType = sourcecode.swift; path = SorryVC.swift; sourceTree = "<group>"; };
		DAF79C961FD40F7A00E44A86 /* SorryProfile.storyboard */ = {isa = PBXFileReference; fileEncoding = 4; lastKnownFileType = file.storyboard; path = SorryProfile.storyboard; sourceTree = "<group>"; };
/* End PBXFileReference section */

/* Begin PBXFrameworksBuildPhase section */
		DAF623241FCD14F200B68D22 /* Frameworks */ = {
			isa = PBXFrameworksBuildPhase;
			buildActionMask = 2147483647;
			files = (
			);
			runOnlyForDeploymentPostprocessing = 0;
		};
/* End PBXFrameworksBuildPhase section */

/* Begin PBXGroup section */
		DA511BD31FD1682F0017E940 /* Storyboard */ = {
			isa = PBXGroup;
			children = (
				DAF6232E1FCD14F200B68D22 /* Welcome.storyboard */,
				DA511BD81FD16E070017E940 /* Menu.storyboard */,
				DA175EBA1FD4E79700A72F30 /* MenuDemo.storyboard */,
				DA6C13651FD42E0F0076011A /* SorryHistory.storyboard */,
				DAF79C961FD40F7A00E44A86 /* SorryProfile.storyboard */,
				DA511BE01FD176910017E940 /* Home.storyboard */,
				DA6C136A1FD445990076011A /* Cart.storyboard */,
				DA511BE21FD1774B0017E940 /* History.storyboard */,
				DA511BE41FD177700017E940 /* Profile.storyboard */,
				DA511C2A1FD1BE5D0017E940 /* SignIn.storyboard */,
				DA511C2E1FD1BFC40017E940 /* ForgetPassword.storyboard */,
				DA511C2C1FD1BF3A0017E940 /* SignUp.storyboard */,
			);
			path = Storyboard;
			sourceTree = "<group>";
		};
		DA511BD41FD1684B0017E940 /* View Controller */ = {
			isa = PBXGroup;
			children = (
				DACE50DC1FD392C4005C835B /* WelcomeVC.swift */,
				DACE50DE1FD392D8005C835B /* HomeVC.swift */,
				DA6C136C1FD448630076011A /* CartVC.swift */,
				DACE50E01FD392EE005C835B /* HistoryVC.swift */,
				DACE50E21FD392FB005C835B /* ProfileVC.swift */,
				DACE50E41FD393A9005C835B /* SignInVC.swift */,
				DACE50E61FD393B8005C835B /* SignUpVC.swift */,
				DACE50E81FD393C6005C835B /* ForgetPasswordVC.swift */,
				DAF79C921FD3ED6A00E44A86 /* SorryVC.swift */,
			);
			path = "View Controller";
			sourceTree = "<group>";
		};
		DAF6231E1FCD14F200B68D22 = {
			isa = PBXGroup;
			children = (
				DAF623291FCD14F200B68D22 /* Laundrivery */,
				DAF623281FCD14F200B68D22 /* Products */,
			);
			sourceTree = "<group>";
		};
		DAF623281FCD14F200B68D22 /* Products */ = {
			isa = PBXGroup;
			children = (
				DAF623271FCD14F200B68D22 /* Laundrivery.app */,
			);
			name = Products;
			sourceTree = "<group>";
		};
		DAF623291FCD14F200B68D22 /* Laundrivery */ = {
			isa = PBXGroup;
			children = (
				DA511BD31FD1682F0017E940 /* Storyboard */,
				DA511BD41FD1684B0017E940 /* View Controller */,
				DAF6232A1FCD14F200B68D22 /* AppDelegate.swift */,
				DAF623311FCD14F200B68D22 /* Assets.xcassets */,
				DAD85F5D1FD2D53D0036E3A1 /* LaunchScreen.storyboard */,
				DAF623361FCD14F200B68D22 /* Info.plist */,
				DA26D12E1FD23A920054EDAB /* LocalData.xcdatamodeld */,
			);
			path = Laundrivery;
			sourceTree = "<group>";
		};
/* End PBXGroup section */

/* Begin PBXNativeTarget section */
		DAF623261FCD14F200B68D22 /* Laundrivery */ = {
			isa = PBXNativeTarget;
			buildConfigurationList = DAF623391FCD14F200B68D22 /* Build configuration list for PBXNativeTarget "Laundrivery" */;
			buildPhases = (
				DAF623231FCD14F200B68D22 /* Sources */,
				DAF623241FCD14F200B68D22 /* Frameworks */,
				DAF623251FCD14F200B68D22 /* Resources */,
			);
			buildRules = (
			);
			dependencies = (
			);
			name = Laundrivery;
			productName = Laundrivery;
			productReference = DAF623271FCD14F200B68D22 /* Laundrivery.app */;
			productType = "com.apple.product-type.application";
		};
/* End PBXNativeTarget section */

/* Begin PBXProject section */
		DAF6231F1FCD14F200B68D22 /* Project object */ = {
			isa = PBXProject;
			attributes = {
				LastSwiftUpdateCheck = 0910;
				LastUpgradeCheck = 0910;
				ORGANIZATIONNAME = "Difa Sanditya Alifian";
				TargetAttributes = {
					DAF623261FCD14F200B68D22 = {
						CreatedOnToolsVersion = 9.1;
						ProvisioningStyle = Automatic;
					};
				};
			};
			buildConfigurationList = DAF623221FCD14F200B68D22 /* Build configuration list for PBXProject "Laundrivery" */;
			compatibilityVersion = "Xcode 8.0";
			developmentRegion = en;
			hasScannedForEncodings = 0;
			knownRegions = (
				en,
				Base,
			);
			mainGroup = DAF6231E1FCD14F200B68D22;
			productRefGroup = DAF623281FCD14F200B68D22 /* Products */;
			projectDirPath = "";
			projectRoot = "";
			targets = (
				DAF623261FCD14F200B68D22 /* Laundrivery */,
			);
		};
/* End PBXProject section */

/* Begin PBXResourcesBuildPhase section */
		DAF623251FCD14F200B68D22 /* Resources */ = {
			isa = PBXResourcesBuildPhase;
			buildActionMask = 2147483647;
			files = (
				DA175EBC1FD4E79700A72F30 /* MenuDemo.storyboard in Resources */,
				DA511C2B1FD1BE5D0017E940 /* SignIn.storyboard in Resources */,
				DA511C2F1FD1BFC40017E940 /* ForgetPassword.storyboard in Resources */,
				DAF79C971FD40F7A00E44A86 /* SorryProfile.storyboard in Resources */,
				DA511C2D1FD1BF3A0017E940 /* SignUp.storyboard in Resources */,
				DA511BE11FD176910017E940 /* Home.storyboard in Resources */,
				DA6C136B1FD445990076011A /* Cart.storyboard in Resources */,
				DAF623321FCD14F200B68D22 /* Assets.xcassets in Resources */,
				DAF623301FCD14F200B68D22 /* Welcome.storyboard in Resources */,
				DA511BD91FD16E070017E940 /* Menu.storyboard in Resources */,
				DA511BE51FD177700017E940 /* Profile.storyboard in Resources */,
				DAD85F5E1FD2D53D0036E3A1 /* LaunchScreen.storyboard in Resources */,
				DA6C13671FD42E0F0076011A /* SorryHistory.storyboard in Resources */,
				DA511BE31FD1774B0017E940 /* History.storyboard in Resources */,
			);
			runOnlyForDeploymentPostprocessing = 0;
		};
/* End PBXResourcesBuildPhase section */

/* Begin PBXSourcesBuildPhase section */
		DAF623231FCD14F200B68D22 /* Sources */ = {
			isa = PBXSourcesBuildPhase;
			buildActionMask = 2147483647;
			files = (
				DACE50E71FD393B8005C835B /* SignUpVC.swift in Sources */,
				DACE50E91FD393C6005C835B /* ForgetPasswordVC.swift in Sources */,
				DACE50E31FD392FB005C835B /* ProfileVC.swift in Sources */,
				DACE50DD1FD392C4005C835B /* WelcomeVC.swift in Sources */,
				DACE50E11FD392EE005C835B /* HistoryVC.swift in Sources */,
				DACE50DF1FD392D8005C835B /* HomeVC.swift in Sources */,
				DACE50E51FD393A9005C835B /* SignInVC.swift in Sources */,
				DAF79C931FD3ED6A00E44A86 /* SorryVC.swift in Sources */,
				DA6C136D1FD448630076011A /* CartVC.swift in Sources */,
				DA26D1301FD23A920054EDAB /* LocalData.xcdatamodeld in Sources */,
				DAF6232B1FCD14F200B68D22 /* AppDelegate.swift in Sources */,
			);
			runOnlyForDeploymentPostprocessing = 0;
		};
/* End PBXSourcesBuildPhase section */

/* Begin PBXVariantGroup section */
		DA175EBA1FD4E79700A72F30 /* MenuDemo.storyboard */ = {
			isa = PBXVariantGroup;
			children = (
				DA175EBB1FD4E79700A72F30 /* Base */,
			);
			name = MenuDemo.storyboard;
			sourceTree = "<group>";
		};
		DA6C13651FD42E0F0076011A /* SorryHistory.storyboard */ = {
			isa = PBXVariantGroup;
			children = (
				DA6C13661FD42E0F0076011A /* Base */,
			);
			name = SorryHistory.storyboard;
			sourceTree = "<group>";
		};
		DAF6232E1FCD14F200B68D22 /* Welcome.storyboard */ = {
			isa = PBXVariantGroup;
			children = (
				DAF6232F1FCD14F200B68D22 /* Base */,
			);
			name = Welcome.storyboard;
			sourceTree = "<group>";
		};
/* End PBXVariantGroup section */

/* Begin XCBuildConfiguration section */
		DAF623371FCD14F200B68D22 /* Debug */ = {
			isa = XCBuildConfiguration;
			buildSettings = {
				ALWAYS_SEARCH_USER_PATHS = NO;
				CLANG_ANALYZER_NONNULL = YES;
				CLANG_ANALYZER_NUMBER_OBJECT_CONVERSION = YES_AGGRESSIVE;
				CLANG_CXX_LANGUAGE_STANDARD = "gnu++14";
				CLANG_CXX_LIBRARY = "libc++";
				CLANG_ENABLE_MODULES = YES;
				CLANG_ENABLE_OBJC_ARC = YES;
				CLANG_WARN_BLOCK_CAPTURE_AUTORELEASING = YES;
				CLANG_WARN_BOOL_CONVERSION = YES;
				CLANG_WARN_COMMA = YES;
				CLANG_WARN_CONSTANT_CONVERSION = YES;
				CLANG_WARN_DIRECT_OBJC_ISA_USAGE = YES_ERROR;
				CLANG_WARN_DOCUMENTATION_COMMENTS = YES;
				CLANG_WARN_EMPTY_BODY = YES;
				CLANG_WARN_ENUM_CONVERSION = YES;
				CLANG_WARN_INFINITE_RECURSION = YES;
				CLANG_WARN_INT_CONVERSION = YES;
				CLANG_WARN_NON_LITERAL_NULL_CONVERSION = YES;
				CLANG_WARN_OBJC_LITERAL_CONVERSION = YES;
				CLANG_WARN_OBJC_ROOT_CLASS = YES_ERROR;
				CLANG_WARN_RANGE_LOOP_ANALYSIS = YES;
				CLANG_WARN_STRICT_PROTOTYPES = YES;
				CLANG_WARN_SUSPICIOUS_MOVE = YES;
				CLANG_WARN_UNGUARDED_AVAILABILITY = YES_AGGRESSIVE;
				CLANG_WARN_UNREACHABLE_CODE = YES;
				CLANG_WARN__DUPLICATE_METHOD_MATCH = YES;
				CODE_SIGN_IDENTITY = "iPhone Developer";
				COPY_PHASE_STRIP = NO;
				DEBUG_INFORMATION_FORMAT = dwarf;
				ENABLE_STRICT_OBJC_MSGSEND = YES;
				ENABLE_TESTABILITY = YES;
				GCC_C_LANGUAGE_STANDARD = gnu11;
				GCC_DYNAMIC_NO_PIC = NO;
				GCC_NO_COMMON_BLOCKS = YES;
				GCC_OPTIMIZATION_LEVEL = 0;
				GCC_PREPROCESSOR_DEFINITIONS = (
					"DEBUG=1",
					"$(inherited)",
				);
				GCC_WARN_64_TO_32_BIT_CONVERSION = YES;
				GCC_WARN_ABOUT_RETURN_TYPE = YES_ERROR;
				GCC_WARN_UNDECLARED_SELECTOR = YES;
				GCC_WARN_UNINITIALIZED_AUTOS = YES_AGGRESSIVE;
				GCC_WARN_UNUSED_FUNCTION = YES;
				GCC_WARN_UNUSED_VARIABLE = YES;
				IPHONEOS_DEPLOYMENT_TARGET = 11.1;
				MTL_ENABLE_DEBUG_INFO = YES;
				ONLY_ACTIVE_ARCH = YES;
				SDKROOT = iphoneos;
				SWIFT_ACTIVE_COMPILATION_CONDITIONS = DEBUG;
				SWIFT_OPTIMIZATION_LEVEL = "-Onone";
			};
			name = Debug;
		};
		DAF623381FCD14F200B68D22 /* Release */ = {
			isa = XCBuildConfiguration;
			buildSettings = {
				ALWAYS_SEARCH_USER_PATHS = NO;
				CLANG_ANALYZER_NONNULL = YES;
				CLANG_ANALYZER_NUMBER_OBJECT_CONVERSION = YES_AGGRESSIVE;
				CLANG_CXX_LANGUAGE_STANDARD = "gnu++14";
				CLANG_CXX_LIBRARY = "libc++";
				CLANG_ENABLE_MODULES = YES;
				CLANG_ENABLE_OBJC_ARC = YES;
				CLANG_WARN_BLOCK_CAPTURE_AUTORELEASING = YES;
				CLANG_WARN_BOOL_CONVERSION = YES;
				CLANG_WARN_COMMA = YES;
				CLANG_WARN_CONSTANT_CONVERSION = YES;
				CLANG_WARN_DIRECT_OBJC_ISA_USAGE = YES_ERROR;
				CLANG_WARN_DOCUMENTATION_COMMENTS = YES;
				CLANG_WARN_EMPTY_BODY = YES;
				CLANG_WARN_ENUM_CONVERSION = YES;
				CLANG_WARN_INFINITE_RECURSION = YES;
				CLANG_WARN_INT_CONVERSION = YES;
				CLANG_WARN_NON_LITERAL_NULL_CONVERSION = YES;
				CLANG_WARN_OBJC_LITERAL_CONVERSION = YES;
				CLANG_WARN_OBJC_ROOT_CLASS = YES_ERROR;
				CLANG_WARN_RANGE_LOOP_ANALYSIS = YES;
				CLANG_WARN_STRICT_PROTOTYPES = YES;
				CLANG_WARN_SUSPICIOUS_MOVE = YES;
				CLANG_WARN_UNGUARDED_AVAILABILITY = YES_AGGRESSIVE;
				CLANG_WARN_UNREACHABLE_CODE = YES;
				CLANG_WARN__DUPLICATE_METHOD_MATCH = YES;
				CODE_SIGN_IDENTITY = "iPhone Developer";
				COPY_PHASE_STRIP = NO;
				DEBUG_INFORMATION_FORMAT = "dwarf-with-dsym";
				ENABLE_NS_ASSERTIONS = NO;
				ENABLE_STRICT_OBJC_MSGSEND = YES;
				GCC_C_LANGUAGE_STANDARD = gnu11;
				GCC_NO_COMMON_BLOCKS = YES;
				GCC_WARN_64_TO_32_BIT_CONVERSION = YES;
				GCC_WARN_ABOUT_RETURN_TYPE = YES_ERROR;
				GCC_WARN_UNDECLARED_SELECTOR = YES;
				GCC_WARN_UNINITIALIZED_AUTOS = YES_AGGRESSIVE;
				GCC_WARN_UNUSED_FUNCTION = YES;
				GCC_WARN_UNUSED_VARIABLE = YES;
				IPHONEOS_DEPLOYMENT_TARGET = 11.1;
				MTL_ENABLE_DEBUG_INFO = NO;
				SDKROOT = iphoneos;
				SWIFT_OPTIMIZATION_LEVEL = "-Owholemodule";
				VALIDATE_PRODUCT = YES;
			};
			name = Release;
		};
		DAF6233A1FCD14F200B68D22 /* Debug */ = {
			isa = XCBuildConfiguration;
			buildSettings = {
				ASSETCATALOG_COMPILER_APPICON_NAME = AppIcon;
				"CODE_SIGN_IDENTITY[sdk=iphoneos*]" = "iPhone Developer";
				CODE_SIGN_STYLE = Automatic;
				DEVELOPMENT_TEAM = 5VCKER55Z5;
				INFOPLIST_FILE = Laundrivery/Info.plist;
				LD_RUNPATH_SEARCH_PATHS = "$(inherited) @executable_path/Frameworks";
				PRODUCT_BUNDLE_IDENTIFIER = com.difasanditya.Laundrivery;
				PRODUCT_NAME = "$(TARGET_NAME)";
				PROVISIONING_PROFILE_SPECIFIER = "";
				SWIFT_VERSION = 4.0;
				TARGETED_DEVICE_FAMILY = "1,2";
			};
			name = Debug;
		};
		DAF6233B1FCD14F200B68D22 /* Release */ = {
			isa = XCBuildConfiguration;
			buildSettings = {
				ASSETCATALOG_COMPILER_APPICON_NAME = AppIcon;
				"CODE_SIGN_IDENTITY[sdk=iphoneos*]" = "iPhone Developer";
				CODE_SIGN_STYLE = Automatic;
				DEVELOPMENT_TEAM = 5VCKER55Z5;
				INFOPLIST_FILE = Laundrivery/Info.plist;
				LD_RUNPATH_SEARCH_PATHS = "$(inherited) @executable_path/Frameworks";
				PRODUCT_BUNDLE_IDENTIFIER = com.difasanditya.Laundrivery;
				PRODUCT_NAME = "$(TARGET_NAME)";
				PROVISIONING_PROFILE_SPECIFIER = "";
				SWIFT_VERSION = 4.0;
				TARGETED_DEVICE_FAMILY = "1,2";
			};
			name = Release;
		};
/* End XCBuildConfiguration section */

/* Begin XCConfigurationList section */
		DAF623221FCD14F200B68D22 /* Build configuration list for PBXProject "Laundrivery" */ = {
			isa = XCConfigurationList;
			buildConfigurations = (
				DAF623371FCD14F200B68D22 /* Debug */,
				DAF623381FCD14F200B68D22 /* Release */,
			);
			defaultConfigurationIsVisible = 0;
			defaultConfigurationName = Release;
		};
		DAF623391FCD14F200B68D22 /* Build configuration list for PBXNativeTarget "Laundrivery" */ = {
			isa = XCConfigurationList;
			buildConfigurations = (
				DAF6233A1FCD14F200B68D22 /* Debug */,
				DAF6233B1FCD14F200B68D22 /* Release */,
			);
			defaultConfigurationIsVisible = 0;
			defaultConfigurationName = Release;
		};
/* End XCConfigurationList section */

/* Begin XCVersionGroup section */
		DA26D12E1FD23A920054EDAB /* LocalData.xcdatamodeld */ = {
			isa = XCVersionGroup;
			children = (
				DA26D12F1FD23A920054EDAB /* LocalData.xcdatamodel */,
			);
			currentVersion = DA26D12F1FD23A920054EDAB /* LocalData.xcdatamodel */;
			path = LocalData.xcdatamodeld;
			sourceTree = "<group>";
			versionGroupType = wrapper.xcdatamodel;
		};
/* End XCVersionGroup section */
	};
	rootObject = DAF6231F1FCD14F200B68D22 /* Project object */;
}
