// !$*UTF8*$!
{
	archiveVersion = 1;
	classes = {
	};
	objectVersion = 48;
	objects = {

/* Begin PBXBuildFile section */
		0B86EADC1FD7B5F600E0C216 /* EditProfileVC.swift in Sources */ = {isa = PBXBuildFile; fileRef = 0B86EADB1FD7B5F600E0C216 /* EditProfileVC.swift */; };
		71AE1A6101B5EB16A872DD00 /* Pods_Laundrivery.framework in Frameworks */ = {isa = PBXBuildFile; fileRef = 6B0A13A2FAA27A48618A3468 /* Pods_Laundrivery.framework */; };
		DA0A5ADF1FD79BE300200033 /* GoogleService-Info.plist in Resources */ = {isa = PBXBuildFile; fileRef = DA0A5ADE1FD79BE300200033 /* GoogleService-Info.plist */; };
		DA0A5AE31FD7A96E00200033 /* Category.storyboard in Resources */ = {isa = PBXBuildFile; fileRef = DA0A5AE21FD7A96E00200033 /* Category.storyboard */; };
		DA0A5AE51FD7A9B200200033 /* CategoryVC.swift in Sources */ = {isa = PBXBuildFile; fileRef = DA0A5AE41FD7A9B200200033 /* CategoryVC.swift */; };
		DA175EC11FD4EC1D00A72F30 /* Welcome.storyboard in Resources */ = {isa = PBXBuildFile; fileRef = DA175EBF1FD4EC1C00A72F30 /* Welcome.storyboard */; };
		DA175EC41FD4F06E00A72F30 /* EditProfile.storyboard in Resources */ = {isa = PBXBuildFile; fileRef = DA175EC31FD4F06E00A72F30 /* EditProfile.storyboard */; };
		DA175EE61FD50DDE00A72F30 /* AlertController.swift in Sources */ = {isa = PBXBuildFile; fileRef = DA175EE51FD50DDE00A72F30 /* AlertController.swift */; };
		DA175EE91FD51D2500A72F30 /* DatabaseService.swift in Sources */ = {isa = PBXBuildFile; fileRef = DA175EE81FD51D2500A72F30 /* DatabaseService.swift */; };
		DA175EEB1FD54B7000A72F30 /* UserData.swift in Sources */ = {isa = PBXBuildFile; fileRef = DA175EEA1FD54B7000A72F30 /* UserData.swift */; };
		DA26D1301FD23A920054EDAB /* LocalData.xcdatamodeld in Sources */ = {isa = PBXBuildFile; fileRef = DA26D12E1FD23A920054EDAB /* LocalData.xcdatamodeld */; };
		DA511BD91FD16E070017E940 /* Menu.storyboard in Resources */ = {isa = PBXBuildFile; fileRef = DA511BD81FD16E070017E940 /* Menu.storyboard */; };
		DA511BE11FD176910017E940 /* Home.storyboard in Resources */ = {isa = PBXBuildFile; fileRef = DA511BE01FD176910017E940 /* Home.storyboard */; };
		DA511BE31FD1774B0017E940 /* History.storyboard in Resources */ = {isa = PBXBuildFile; fileRef = DA511BE21FD1774B0017E940 /* History.storyboard */; };
		DA511BE51FD177700017E940 /* Profile.storyboard in Resources */ = {isa = PBXBuildFile; fileRef = DA511BE41FD177700017E940 /* Profile.storyboard */; };
		DA511C2B1FD1BE5D0017E940 /* SignIn.storyboard in Resources */ = {isa = PBXBuildFile; fileRef = DA511C2A1FD1BE5D0017E940 /* SignIn.storyboard */; };
		DA511C2D1FD1BF3A0017E940 /* SignUp.storyboard in Resources */ = {isa = PBXBuildFile; fileRef = DA511C2C1FD1BF3A0017E940 /* SignUp.storyboard */; };
		DA511C2F1FD1BFC40017E940 /* ForgetPassword.storyboard in Resources */ = {isa = PBXBuildFile; fileRef = DA511C2E1FD1BFC40017E940 /* ForgetPassword.storyboard */; };
		DA5DBC701FD98DF100FC8ED0 /* CartTableViewCell.swift in Sources */ = {isa = PBXBuildFile; fileRef = DA5DBC6F1FD98DF100FC8ED0 /* CartTableViewCell.swift */; };
		DA5DBC721FD99A5600FC8ED0 /* CartItem.swift in Sources */ = {isa = PBXBuildFile; fileRef = DA5DBC711FD99A5600FC8ED0 /* CartItem.swift */; };
		DA5DBC741FD9B28800FC8ED0 /* TypeItem.swift in Sources */ = {isa = PBXBuildFile; fileRef = DA5DBC731FD9B28800FC8ED0 /* TypeItem.swift */; };
		DA6C136B1FD445990076011A /* Cart.storyboard in Resources */ = {isa = PBXBuildFile; fileRef = DA6C136A1FD445990076011A /* Cart.storyboard */; };
		DA6C136D1FD448630076011A /* CartVC.swift in Sources */ = {isa = PBXBuildFile; fileRef = DA6C136C1FD448630076011A /* CartVC.swift */; };
		DACA4E5A1FD646ED00D36713 /* ActiveHistoryVC.swift in Sources */ = {isa = PBXBuildFile; fileRef = DACA4E591FD646ED00D36713 /* ActiveHistoryVC.swift */; };
		DACA4E5C1FD646FF00D36713 /* PastHistoryVC.swift in Sources */ = {isa = PBXBuildFile; fileRef = DACA4E5B1FD646FF00D36713 /* PastHistoryVC.swift */; };
		DACA4E5E1FD649BE00D36713 /* ActiveHistory.storyboard in Resources */ = {isa = PBXBuildFile; fileRef = DACA4E5D1FD649BE00D36713 /* ActiveHistory.storyboard */; };
		DACA4E601FD649E300D36713 /* PastHistory.storyboard in Resources */ = {isa = PBXBuildFile; fileRef = DACA4E5F1FD649E300D36713 /* PastHistory.storyboard */; };
		DACE50DD1FD392C4005C835B /* WelcomeVC.swift in Sources */ = {isa = PBXBuildFile; fileRef = DACE50DC1FD392C4005C835B /* WelcomeVC.swift */; };
		DACE50DF1FD392D8005C835B /* HomeVC.swift in Sources */ = {isa = PBXBuildFile; fileRef = DACE50DE1FD392D8005C835B /* HomeVC.swift */; };
		DACE50E11FD392EE005C835B /* HistoryVC.swift in Sources */ = {isa = PBXBuildFile; fileRef = DACE50E01FD392EE005C835B /* HistoryVC.swift */; };
		DACE50E31FD392FB005C835B /* ProfileVC.swift in Sources */ = {isa = PBXBuildFile; fileRef = DACE50E21FD392FB005C835B /* ProfileVC.swift */; };
		DACE50E51FD393A9005C835B /* SignInVC.swift in Sources */ = {isa = PBXBuildFile; fileRef = DACE50E41FD393A9005C835B /* SignInVC.swift */; };
		DACE50E71FD393B8005C835B /* SignUpVC.swift in Sources */ = {isa = PBXBuildFile; fileRef = DACE50E61FD393B8005C835B /* SignUpVC.swift */; };
		DACE50E91FD393C6005C835B /* ForgetPasswordVC.swift in Sources */ = {isa = PBXBuildFile; fileRef = DACE50E81FD393C6005C835B /* ForgetPasswordVC.swift */; };
		DAD85F5E1FD2D53D0036E3A1 /* LaunchScreen.storyboard in Resources */ = {isa = PBXBuildFile; fileRef = DAD85F5D1FD2D53D0036E3A1 /* LaunchScreen.storyboard */; };
		DAF6232B1FCD14F200B68D22 /* AppDelegate.swift in Sources */ = {isa = PBXBuildFile; fileRef = DAF6232A1FCD14F200B68D22 /* AppDelegate.swift */; };
		DAF623321FCD14F200B68D22 /* Assets.xcassets in Resources */ = {isa = PBXBuildFile; fileRef = DAF623311FCD14F200B68D22 /* Assets.xcassets */; };
		DAF936C21FD93BE3007DB2CF /* TypeTableViewCell.swift in Sources */ = {isa = PBXBuildFile; fileRef = DAF936C11FD93BE3007DB2CF /* TypeTableViewCell.swift */; };
/* End PBXBuildFile section */

/* Begin PBXFileReference section */
		09F4640F99366922398B1FCE /* Pods-Laundrivery.debug.xcconfig */ = {isa = PBXFileReference; includeInIndex = 1; lastKnownFileType = text.xcconfig; name = "Pods-Laundrivery.debug.xcconfig"; path = "Pods/Target Support Files/Pods-Laundrivery/Pods-Laundrivery.debug.xcconfig"; sourceTree = "<group>"; };
		0B86EADB1FD7B5F600E0C216 /* EditProfileVC.swift */ = {isa = PBXFileReference; lastKnownFileType = sourcecode.swift; path = EditProfileVC.swift; sourceTree = "<group>"; };
		24CE467133FE89ACE9B72186 /* Pods-Laundrivery.release.xcconfig */ = {isa = PBXFileReference; includeInIndex = 1; lastKnownFileType = text.xcconfig; name = "Pods-Laundrivery.release.xcconfig"; path = "Pods/Target Support Files/Pods-Laundrivery/Pods-Laundrivery.release.xcconfig"; sourceTree = "<group>"; };
		6B0A13A2FAA27A48618A3468 /* Pods_Laundrivery.framework */ = {isa = PBXFileReference; explicitFileType = wrapper.framework; includeInIndex = 0; path = Pods_Laundrivery.framework; sourceTree = BUILT_PRODUCTS_DIR; };
		DA0A5ADE1FD79BE300200033 /* GoogleService-Info.plist */ = {isa = PBXFileReference; fileEncoding = 4; lastKnownFileType = text.plist.xml; path = "GoogleService-Info.plist"; sourceTree = "<group>"; };
		DA0A5AE21FD7A96E00200033 /* Category.storyboard */ = {isa = PBXFileReference; lastKnownFileType = file.storyboard; path = Category.storyboard; sourceTree = "<group>"; };
		DA0A5AE41FD7A9B200200033 /* CategoryVC.swift */ = {isa = PBXFileReference; lastKnownFileType = sourcecode.swift; path = CategoryVC.swift; sourceTree = "<group>"; };
		DA175EBF1FD4EC1C00A72F30 /* Welcome.storyboard */ = {isa = PBXFileReference; fileEncoding = 4; lastKnownFileType = file.storyboard; path = Welcome.storyboard; sourceTree = "<group>"; };
		DA175EC31FD4F06E00A72F30 /* EditProfile.storyboard */ = {isa = PBXFileReference; fileEncoding = 4; lastKnownFileType = file.storyboard; path = EditProfile.storyboard; sourceTree = "<group>"; };
		DA175EE51FD50DDE00A72F30 /* AlertController.swift */ = {isa = PBXFileReference; lastKnownFileType = sourcecode.swift; path = AlertController.swift; sourceTree = "<group>"; };
		DA175EE81FD51D2500A72F30 /* DatabaseService.swift */ = {isa = PBXFileReference; lastKnownFileType = sourcecode.swift; path = DatabaseService.swift; sourceTree = "<group>"; };
		DA175EEA1FD54B7000A72F30 /* UserData.swift */ = {isa = PBXFileReference; lastKnownFileType = sourcecode.swift; path = UserData.swift; sourceTree = "<group>"; };
		DA26D12F1FD23A920054EDAB /* LocalData.xcdatamodel */ = {isa = PBXFileReference; lastKnownFileType = wrapper.xcdatamodel; path = LocalData.xcdatamodel; sourceTree = "<group>"; };
		DA511BD81FD16E070017E940 /* Menu.storyboard */ = {isa = PBXFileReference; fileEncoding = 4; lastKnownFileType = file.storyboard; path = Menu.storyboard; sourceTree = "<group>"; };
		DA511BE01FD176910017E940 /* Home.storyboard */ = {isa = PBXFileReference; fileEncoding = 4; lastKnownFileType = file.storyboard; path = Home.storyboard; sourceTree = "<group>"; };
		DA511BE21FD1774B0017E940 /* History.storyboard */ = {isa = PBXFileReference; fileEncoding = 4; lastKnownFileType = file.storyboard; path = History.storyboard; sourceTree = "<group>"; };
		DA511BE41FD177700017E940 /* Profile.storyboard */ = {isa = PBXFileReference; fileEncoding = 4; lastKnownFileType = file.storyboard; path = Profile.storyboard; sourceTree = "<group>"; };
		DA511C2A1FD1BE5D0017E940 /* SignIn.storyboard */ = {isa = PBXFileReference; fileEncoding = 4; lastKnownFileType = file.storyboard; path = SignIn.storyboard; sourceTree = "<group>"; };
		DA511C2C1FD1BF3A0017E940 /* SignUp.storyboard */ = {isa = PBXFileReference; fileEncoding = 4; lastKnownFileType = file.storyboard; path = SignUp.storyboard; sourceTree = "<group>"; };
		DA511C2E1FD1BFC40017E940 /* ForgetPassword.storyboard */ = {isa = PBXFileReference; fileEncoding = 4; lastKnownFileType = file.storyboard; path = ForgetPassword.storyboard; sourceTree = "<group>"; };
		DA5DBC6F1FD98DF100FC8ED0 /* CartTableViewCell.swift */ = {isa = PBXFileReference; lastKnownFileType = sourcecode.swift; path = CartTableViewCell.swift; sourceTree = "<group>"; };
		DA5DBC711FD99A5600FC8ED0 /* CartItem.swift */ = {isa = PBXFileReference; lastKnownFileType = sourcecode.swift; path = CartItem.swift; sourceTree = "<group>"; };
		DA5DBC731FD9B28800FC8ED0 /* TypeItem.swift */ = {isa = PBXFileReference; lastKnownFileType = sourcecode.swift; path = TypeItem.swift; sourceTree = "<group>"; };
		DA6C136A1FD445990076011A /* Cart.storyboard */ = {isa = PBXFileReference; fileEncoding = 4; lastKnownFileType = file.storyboard; path = Cart.storyboard; sourceTree = "<group>"; };
		DA6C136C1FD448630076011A /* CartVC.swift */ = {isa = PBXFileReference; lastKnownFileType = sourcecode.swift; path = CartVC.swift; sourceTree = "<group>"; };
		DACA4E591FD646ED00D36713 /* ActiveHistoryVC.swift */ = {isa = PBXFileReference; lastKnownFileType = sourcecode.swift; path = ActiveHistoryVC.swift; sourceTree = "<group>"; };
		DACA4E5B1FD646FF00D36713 /* PastHistoryVC.swift */ = {isa = PBXFileReference; lastKnownFileType = sourcecode.swift; path = PastHistoryVC.swift; sourceTree = "<group>"; };
		DACA4E5D1FD649BE00D36713 /* ActiveHistory.storyboard */ = {isa = PBXFileReference; fileEncoding = 4; lastKnownFileType = file.storyboard; path = ActiveHistory.storyboard; sourceTree = "<group>"; };
		DACA4E5F1FD649E300D36713 /* PastHistory.storyboard */ = {isa = PBXFileReference; fileEncoding = 4; lastKnownFileType = file.storyboard; path = PastHistory.storyboard; sourceTree = "<group>"; };
		DACE50DC1FD392C4005C835B /* WelcomeVC.swift */ = {isa = PBXFileReference; lastKnownFileType = sourcecode.swift; path = WelcomeVC.swift; sourceTree = "<group>"; };
		DACE50DE1FD392D8005C835B /* HomeVC.swift */ = {isa = PBXFileReference; lastKnownFileType = sourcecode.swift; path = HomeVC.swift; sourceTree = "<group>"; };
		DACE50E01FD392EE005C835B /* HistoryVC.swift */ = {isa = PBXFileReference; lastKnownFileType = sourcecode.swift; path = HistoryVC.swift; sourceTree = "<group>"; };
		DACE50E21FD392FB005C835B /* ProfileVC.swift */ = {isa = PBXFileReference; lastKnownFileType = sourcecode.swift; path = ProfileVC.swift; sourceTree = "<group>"; };
		DACE50E41FD393A9005C835B /* SignInVC.swift */ = {isa = PBXFileReference; lastKnownFileType = sourcecode.swift; path = SignInVC.swift; sourceTree = "<group>"; };
		DACE50E61FD393B8005C835B /* SignUpVC.swift */ = {isa = PBXFileReference; lastKnownFileType = sourcecode.swift; path = SignUpVC.swift; sourceTree = "<group>"; };
		DACE50E81FD393C6005C835B /* ForgetPasswordVC.swift */ = {isa = PBXFileReference; lastKnownFileType = sourcecode.swift; path = ForgetPasswordVC.swift; sourceTree = "<group>"; };
		DAD85F5D1FD2D53D0036E3A1 /* LaunchScreen.storyboard */ = {isa = PBXFileReference; lastKnownFileType = file.storyboard; path = LaunchScreen.storyboard; sourceTree = "<group>"; };
		DAF623271FCD14F200B68D22 /* Laundrivery.app */ = {isa = PBXFileReference; explicitFileType = wrapper.application; includeInIndex = 0; path = Laundrivery.app; sourceTree = BUILT_PRODUCTS_DIR; };
		DAF6232A1FCD14F200B68D22 /* AppDelegate.swift */ = {isa = PBXFileReference; lastKnownFileType = sourcecode.swift; path = AppDelegate.swift; sourceTree = "<group>"; };
		DAF623311FCD14F200B68D22 /* Assets.xcassets */ = {isa = PBXFileReference; lastKnownFileType = folder.assetcatalog; path = Assets.xcassets; sourceTree = "<group>"; };
		DAF623361FCD14F200B68D22 /* Info.plist */ = {isa = PBXFileReference; lastKnownFileType = text.plist.xml; path = Info.plist; sourceTree = "<group>"; };
		DAF936C11FD93BE3007DB2CF /* TypeTableViewCell.swift */ = {isa = PBXFileReference; lastKnownFileType = sourcecode.swift; path = TypeTableViewCell.swift; sourceTree = "<group>"; };
/* End PBXFileReference section */

/* Begin PBXFrameworksBuildPhase section */
		DAF623241FCD14F200B68D22 /* Frameworks */ = {
			isa = PBXFrameworksBuildPhase;
			buildActionMask = 2147483647;
			files = (
				71AE1A6101B5EB16A872DD00 /* Pods_Laundrivery.framework in Frameworks */,
			);
			runOnlyForDeploymentPostprocessing = 0;
		};
/* End PBXFrameworksBuildPhase section */

/* Begin PBXGroup section */
		05D4AA3B4B251C1824F84024 /* Frameworks */ = {
			isa = PBXGroup;
			children = (
				6B0A13A2FAA27A48618A3468 /* Pods_Laundrivery.framework */,
			);
			name = Frameworks;
			sourceTree = "<group>";
		};
		1BB6D44E17548934B45511A2 /* Pods */ = {
			isa = PBXGroup;
			children = (
				09F4640F99366922398B1FCE /* Pods-Laundrivery.debug.xcconfig */,
				24CE467133FE89ACE9B72186 /* Pods-Laundrivery.release.xcconfig */,
			);
			name = Pods;
			sourceTree = "<group>";
		};
		DA175EE71FD50DFC00A72F30 /* Model */ = {
			isa = PBXGroup;
			children = (
				DA175EE51FD50DDE00A72F30 /* AlertController.swift */,
				DA175EE81FD51D2500A72F30 /* DatabaseService.swift */,
				DA175EEA1FD54B7000A72F30 /* UserData.swift */,
				DAF936C11FD93BE3007DB2CF /* TypeTableViewCell.swift */,
				DA5DBC6F1FD98DF100FC8ED0 /* CartTableViewCell.swift */,
				DA5DBC711FD99A5600FC8ED0 /* CartItem.swift */,
				DA5DBC731FD9B28800FC8ED0 /* TypeItem.swift */,
			);
			path = Model;
			sourceTree = "<group>";
		};
		DA511BD31FD1682F0017E940 /* Storyboard */ = {
			isa = PBXGroup;
			children = (
				DA175EBF1FD4EC1C00A72F30 /* Welcome.storyboard */,
				DA511BD81FD16E070017E940 /* Menu.storyboard */,
				DA511BE01FD176910017E940 /* Home.storyboard */,
				DA0A5AE21FD7A96E00200033 /* Category.storyboard */,
				DA6C136A1FD445990076011A /* Cart.storyboard */,
				DA511BE21FD1774B0017E940 /* History.storyboard */,
				DACA4E5F1FD649E300D36713 /* PastHistory.storyboard */,
				DACA4E5D1FD649BE00D36713 /* ActiveHistory.storyboard */,
				DA511BE41FD177700017E940 /* Profile.storyboard */,
				DA175EC31FD4F06E00A72F30 /* EditProfile.storyboard */,
				DA511C2A1FD1BE5D0017E940 /* SignIn.storyboard */,
				DA511C2E1FD1BFC40017E940 /* ForgetPassword.storyboard */,
				DA511C2C1FD1BF3A0017E940 /* SignUp.storyboard */,
			);
			path = Storyboard;
			sourceTree = "<group>";
		};
		DA511BD41FD1684B0017E940 /* View Controller */ = {
			isa = PBXGroup;
			children = (
				DACE50DC1FD392C4005C835B /* WelcomeVC.swift */,
				DACE50DE1FD392D8005C835B /* HomeVC.swift */,
				DA0A5AE41FD7A9B200200033 /* CategoryVC.swift */,
				DA6C136C1FD448630076011A /* CartVC.swift */,
				DACE50E01FD392EE005C835B /* HistoryVC.swift */,
				DACA4E591FD646ED00D36713 /* ActiveHistoryVC.swift */,
				DACA4E5B1FD646FF00D36713 /* PastHistoryVC.swift */,
				DACE50E21FD392FB005C835B /* ProfileVC.swift */,
				DACE50E41FD393A9005C835B /* SignInVC.swift */,
				DACE50E61FD393B8005C835B /* SignUpVC.swift */,
				DACE50E81FD393C6005C835B /* ForgetPasswordVC.swift */,
				0B86EADB1FD7B5F600E0C216 /* EditProfileVC.swift */,
			);
			path = "View Controller";
			sourceTree = "<group>";
		};
		DAF6231E1FCD14F200B68D22 = {
			isa = PBXGroup;
			children = (
				DAF623291FCD14F200B68D22 /* Laundrivery */,
				DAF623281FCD14F200B68D22 /* Products */,
				1BB6D44E17548934B45511A2 /* Pods */,
				05D4AA3B4B251C1824F84024 /* Frameworks */,
			);
			sourceTree = "<group>";
		};
		DAF623281FCD14F200B68D22 /* Products */ = {
			isa = PBXGroup;
			children = (
				DAF623271FCD14F200B68D22 /* Laundrivery.app */,
			);
			name = Products;
			sourceTree = "<group>";
		};
		DAF623291FCD14F200B68D22 /* Laundrivery */ = {
			isa = PBXGroup;
			children = (
				DA511BD31FD1682F0017E940 /* Storyboard */,
				DA175EE71FD50DFC00A72F30 /* Model */,
				DA511BD41FD1684B0017E940 /* View Controller */,
				DAF6232A1FCD14F200B68D22 /* AppDelegate.swift */,
				DAF623311FCD14F200B68D22 /* Assets.xcassets */,
				DAD85F5D1FD2D53D0036E3A1 /* LaunchScreen.storyboard */,
				DAF623361FCD14F200B68D22 /* Info.plist */,
				DA0A5ADE1FD79BE300200033 /* GoogleService-Info.plist */,
				DA26D12E1FD23A920054EDAB /* LocalData.xcdatamodeld */,
			);
			path = Laundrivery;
			sourceTree = "<group>";
		};
/* End PBXGroup section */

/* Begin PBXNativeTarget section */
		DAF623261FCD14F200B68D22 /* Laundrivery */ = {
			isa = PBXNativeTarget;
			buildConfigurationList = DAF623391FCD14F200B68D22 /* Build configuration list for PBXNativeTarget "Laundrivery" */;
			buildPhases = (
				B163B64CAF1FE1E82F620805 /* [CP] Check Pods Manifest.lock */,
				DAF623231FCD14F200B68D22 /* Sources */,
				DAF623241FCD14F200B68D22 /* Frameworks */,
				DAF623251FCD14F200B68D22 /* Resources */,
				6F68C51B5FAC87F02DC0AA49 /* [CP] Embed Pods Frameworks */,
				AADBFBDBEA8BBF269C58727C /* [CP] Copy Pods Resources */,
			);
			buildRules = (
			);
			dependencies = (
			);
			name = Laundrivery;
			productName = Laundrivery;
			productReference = DAF623271FCD14F200B68D22 /* Laundrivery.app */;
			productType = "com.apple.product-type.application";
		};
/* End PBXNativeTarget section */

/* Begin PBXProject section */
		DAF6231F1FCD14F200B68D22 /* Project object */ = {
			isa = PBXProject;
			attributes = {
				LastSwiftUpdateCheck = 0910;
				LastUpgradeCheck = 0910;
				ORGANIZATIONNAME = "Difa Sanditya Alifian";
				TargetAttributes = {
					DAF623261FCD14F200B68D22 = {
						CreatedOnToolsVersion = 9.1;
						ProvisioningStyle = Automatic;
					};
				};
			};
			buildConfigurationList = DAF623221FCD14F200B68D22 /* Build configuration list for PBXProject "Laundrivery" */;
			compatibilityVersion = "Xcode 8.0";
			developmentRegion = en;
			hasScannedForEncodings = 0;
			knownRegions = (
				en,
				Base,
			);
			mainGroup = DAF6231E1FCD14F200B68D22;
			productRefGroup = DAF623281FCD14F200B68D22 /* Products */;
			projectDirPath = "";
			projectRoot = "";
			targets = (
				DAF623261FCD14F200B68D22 /* Laundrivery */,
			);
		};
/* End PBXProject section */

/* Begin PBXResourcesBuildPhase section */
		DAF623251FCD14F200B68D22 /* Resources */ = {
			isa = PBXResourcesBuildPhase;
			buildActionMask = 2147483647;
			files = (
				DA511C2B1FD1BE5D0017E940 /* SignIn.storyboard in Resources */,
				DACA4E5E1FD649BE00D36713 /* ActiveHistory.storyboard in Resources */,
				DA511C2F1FD1BFC40017E940 /* ForgetPassword.storyboard in Resources */,
				DA175EC11FD4EC1D00A72F30 /* Welcome.storyboard in Resources */,
				DA175EC41FD4F06E00A72F30 /* EditProfile.storyboard in Resources */,
				DA0A5ADF1FD79BE300200033 /* GoogleService-Info.plist in Resources */,
				DA511C2D1FD1BF3A0017E940 /* SignUp.storyboard in Resources */,
				DA511BE11FD176910017E940 /* Home.storyboard in Resources */,
				DA0A5AE31FD7A96E00200033 /* Category.storyboard in Resources */,
				DA6C136B1FD445990076011A /* Cart.storyboard in Resources */,
				DAF623321FCD14F200B68D22 /* Assets.xcassets in Resources */,
				DA511BD91FD16E070017E940 /* Menu.storyboard in Resources */,
				DA511BE51FD177700017E940 /* Profile.storyboard in Resources */,
				DAD85F5E1FD2D53D0036E3A1 /* LaunchScreen.storyboard in Resources */,
				DA511BE31FD1774B0017E940 /* History.storyboard in Resources */,
				DACA4E601FD649E300D36713 /* PastHistory.storyboard in Resources */,
			);
			runOnlyForDeploymentPostprocessing = 0;
		};
/* End PBXResourcesBuildPhase section */

/* Begin PBXShellScriptBuildPhase section */
		6F68C51B5FAC87F02DC0AA49 /* [CP] Embed Pods Frameworks */ = {
			isa = PBXShellScriptBuildPhase;
			buildActionMask = 2147483647;
			files = (
			);
			inputPaths = (
				"${SRCROOT}/Pods/Target Support Files/Pods-Laundrivery/Pods-Laundrivery-frameworks.sh",
				"${BUILT_PRODUCTS_DIR}/GTMSessionFetcher/GTMSessionFetcher.framework",
				"${BUILT_PRODUCTS_DIR}/GoogleToolboxForMac/GoogleToolboxForMac.framework",
				"${BUILT_PRODUCTS_DIR}/XLPagerTabStrip/XLPagerTabStrip.framework",
				"${BUILT_PRODUCTS_DIR}/leveldb-library/leveldb.framework",
				"${BUILT_PRODUCTS_DIR}/nanopb/nanopb.framework",
			);
			name = "[CP] Embed Pods Frameworks";
			outputPaths = (
				"${TARGET_BUILD_DIR}/${FRAMEWORKS_FOLDER_PATH}/GTMSessionFetcher.framework",
				"${TARGET_BUILD_DIR}/${FRAMEWORKS_FOLDER_PATH}/GoogleToolboxForMac.framework",
				"${TARGET_BUILD_DIR}/${FRAMEWORKS_FOLDER_PATH}/XLPagerTabStrip.framework",
				"${TARGET_BUILD_DIR}/${FRAMEWORKS_FOLDER_PATH}/leveldb.framework",
				"${TARGET_BUILD_DIR}/${FRAMEWORKS_FOLDER_PATH}/nanopb.framework",
			);
			runOnlyForDeploymentPostprocessing = 0;
			shellPath = /bin/sh;
			shellScript = "\"${SRCROOT}/Pods/Target Support Files/Pods-Laundrivery/Pods-Laundrivery-frameworks.sh\"\n";
			showEnvVarsInLog = 0;
		};
		AADBFBDBEA8BBF269C58727C /* [CP] Copy Pods Resources */ = {
			isa = PBXShellScriptBuildPhase;
			buildActionMask = 2147483647;
			files = (
			);
			inputPaths = (
			);
			name = "[CP] Copy Pods Resources";
			outputPaths = (
			);
			runOnlyForDeploymentPostprocessing = 0;
			shellPath = /bin/sh;
			shellScript = "\"${SRCROOT}/Pods/Target Support Files/Pods-Laundrivery/Pods-Laundrivery-resources.sh\"\n";
			showEnvVarsInLog = 0;
		};
		B163B64CAF1FE1E82F620805 /* [CP] Check Pods Manifest.lock */ = {
			isa = PBXShellScriptBuildPhase;
			buildActionMask = 2147483647;
			files = (
			);
			inputPaths = (
				"${PODS_PODFILE_DIR_PATH}/Podfile.lock",
				"${PODS_ROOT}/Manifest.lock",
			);
			name = "[CP] Check Pods Manifest.lock";
			outputPaths = (
				"$(DERIVED_FILE_DIR)/Pods-Laundrivery-checkManifestLockResult.txt",
			);
			runOnlyForDeploymentPostprocessing = 0;
			shellPath = /bin/sh;
			shellScript = "diff \"${PODS_PODFILE_DIR_PATH}/Podfile.lock\" \"${PODS_ROOT}/Manifest.lock\" > /dev/null\nif [ $? != 0 ] ; then\n    # print error to STDERR\n    echo \"error: The sandbox is not in sync with the Podfile.lock. Run 'pod install' or update your CocoaPods installation.\" >&2\n    exit 1\nfi\n# This output is used by Xcode 'outputs' to avoid re-running this script phase.\necho \"SUCCESS\" > \"${SCRIPT_OUTPUT_FILE_0}\"\n";
			showEnvVarsInLog = 0;
		};
/* End PBXShellScriptBuildPhase section */

/* Begin PBXSourcesBuildPhase section */
		DAF623231FCD14F200B68D22 /* Sources */ = {
			isa = PBXSourcesBuildPhase;
			buildActionMask = 2147483647;
			files = (
				DA175EEB1FD54B7000A72F30 /* UserData.swift in Sources */,
				DACA4E5A1FD646ED00D36713 /* ActiveHistoryVC.swift in Sources */,
				DA0A5AE51FD7A9B200200033 /* CategoryVC.swift in Sources */,
				DA5DBC701FD98DF100FC8ED0 /* CartTableViewCell.swift in Sources */,
				DACE50E71FD393B8005C835B /* SignUpVC.swift in Sources */,
				DACE50E91FD393C6005C835B /* ForgetPasswordVC.swift in Sources */,
				DACE50E31FD392FB005C835B /* ProfileVC.swift in Sources */,
				0B86EADC1FD7B5F600E0C216 /* EditProfileVC.swift in Sources */,
				DACE50DD1FD392C4005C835B /* WelcomeVC.swift in Sources */,
				DA175EE61FD50DDE00A72F30 /* AlertController.swift in Sources */,
				DACE50E11FD392EE005C835B /* HistoryVC.swift in Sources */,
				DACE50DF1FD392D8005C835B /* HomeVC.swift in Sources */,
				DAF936C21FD93BE3007DB2CF /* TypeTableViewCell.swift in Sources */,
				DACE50E51FD393A9005C835B /* SignInVC.swift in Sources */,
				DA175EE91FD51D2500A72F30 /* DatabaseService.swift in Sources */,
				DA5DBC741FD9B28800FC8ED0 /* TypeItem.swift in Sources */,
				DACA4E5C1FD646FF00D36713 /* PastHistoryVC.swift in Sources */,
				DA5DBC721FD99A5600FC8ED0 /* CartItem.swift in Sources */,
				DA6C136D1FD448630076011A /* CartVC.swift in Sources */,
				DA26D1301FD23A920054EDAB /* LocalData.xcdatamodeld in Sources */,
				DAF6232B1FCD14F200B68D22 /* AppDelegate.swift in Sources */,
			);
			runOnlyForDeploymentPostprocessing = 0;
		};
/* End PBXSourcesBuildPhase section */

/* Begin XCBuildConfiguration section */
		DAF623371FCD14F200B68D22 /* Debug */ = {
			isa = XCBuildConfiguration;
			buildSettings = {
				ALWAYS_SEARCH_USER_PATHS = NO;
				CLANG_ANALYZER_NONNULL = YES;
				CLANG_ANALYZER_NUMBER_OBJECT_CONVERSION = YES_AGGRESSIVE;
				CLANG_CXX_LANGUAGE_STANDARD = "gnu++14";
				CLANG_CXX_LIBRARY = "libc++";
				CLANG_ENABLE_MODULES = YES;
				CLANG_ENABLE_OBJC_ARC = YES;
				CLANG_WARN_BLOCK_CAPTURE_AUTORELEASING = YES;
				CLANG_WARN_BOOL_CONVERSION = YES;
				CLANG_WARN_COMMA = YES;
				CLANG_WARN_CONSTANT_CONVERSION = YES;
				CLANG_WARN_DIRECT_OBJC_ISA_USAGE = YES_ERROR;
				CLANG_WARN_DOCUMENTATION_COMMENTS = YES;
				CLANG_WARN_EMPTY_BODY = YES;
				CLANG_WARN_ENUM_CONVERSION = YES;
				CLANG_WARN_INFINITE_RECURSION = YES;
				CLANG_WARN_INT_CONVERSION = YES;
				CLANG_WARN_NON_LITERAL_NULL_CONVERSION = YES;
				CLANG_WARN_OBJC_LITERAL_CONVERSION = YES;
				CLANG_WARN_OBJC_ROOT_CLASS = YES_ERROR;
				CLANG_WARN_RANGE_LOOP_ANALYSIS = YES;
				CLANG_WARN_STRICT_PROTOTYPES = YES;
				CLANG_WARN_SUSPICIOUS_MOVE = YES;
				CLANG_WARN_UNGUARDED_AVAILABILITY = YES_AGGRESSIVE;
				CLANG_WARN_UNREACHABLE_CODE = YES;
				CLANG_WARN__DUPLICATE_METHOD_MATCH = YES;
				CODE_SIGN_IDENTITY = "iPhone Developer";
				COPY_PHASE_STRIP = NO;
				DEBUG_INFORMATION_FORMAT = dwarf;
				ENABLE_STRICT_OBJC_MSGSEND = YES;
				ENABLE_TESTABILITY = YES;
				GCC_C_LANGUAGE_STANDARD = gnu11;
				GCC_DYNAMIC_NO_PIC = NO;
				GCC_NO_COMMON_BLOCKS = YES;
				GCC_OPTIMIZATION_LEVEL = 0;
				GCC_PREPROCESSOR_DEFINITIONS = (
					"DEBUG=1",
					"$(inherited)",
				);
				GCC_WARN_64_TO_32_BIT_CONVERSION = YES;
				GCC_WARN_ABOUT_RETURN_TYPE = YES_ERROR;
				GCC_WARN_UNDECLARED_SELECTOR = YES;
				GCC_WARN_UNINITIALIZED_AUTOS = YES_AGGRESSIVE;
				GCC_WARN_UNUSED_FUNCTION = YES;
				GCC_WARN_UNUSED_VARIABLE = YES;
				IPHONEOS_DEPLOYMENT_TARGET = 11.1;
				MTL_ENABLE_DEBUG_INFO = YES;
				ONLY_ACTIVE_ARCH = YES;
				SDKROOT = iphoneos;
				SWIFT_ACTIVE_COMPILATION_CONDITIONS = DEBUG;
				SWIFT_OPTIMIZATION_LEVEL = "-Onone";
			};
			name = Debug;
		};
		DAF623381FCD14F200B68D22 /* Release */ = {
			isa = XCBuildConfiguration;
			buildSettings = {
				ALWAYS_SEARCH_USER_PATHS = NO;
				CLANG_ANALYZER_NONNULL = YES;
				CLANG_ANALYZER_NUMBER_OBJECT_CONVERSION = YES_AGGRESSIVE;
				CLANG_CXX_LANGUAGE_STANDARD = "gnu++14";
				CLANG_CXX_LIBRARY = "libc++";
				CLANG_ENABLE_MODULES = YES;
				CLANG_ENABLE_OBJC_ARC = YES;
				CLANG_WARN_BLOCK_CAPTURE_AUTORELEASING = YES;
				CLANG_WARN_BOOL_CONVERSION = YES;
				CLANG_WARN_COMMA = YES;
				CLANG_WARN_CONSTANT_CONVERSION = YES;
				CLANG_WARN_DIRECT_OBJC_ISA_USAGE = YES_ERROR;
				CLANG_WARN_DOCUMENTATION_COMMENTS = YES;
				CLANG_WARN_EMPTY_BODY = YES;
				CLANG_WARN_ENUM_CONVERSION = YES;
				CLANG_WARN_INFINITE_RECURSION = YES;
				CLANG_WARN_INT_CONVERSION = YES;
				CLANG_WARN_NON_LITERAL_NULL_CONVERSION = YES;
				CLANG_WARN_OBJC_LITERAL_CONVERSION = YES;
				CLANG_WARN_OBJC_ROOT_CLASS = YES_ERROR;
				CLANG_WARN_RANGE_LOOP_ANALYSIS = YES;
				CLANG_WARN_STRICT_PROTOTYPES = YES;
				CLANG_WARN_SUSPICIOUS_MOVE = YES;
				CLANG_WARN_UNGUARDED_AVAILABILITY = YES_AGGRESSIVE;
				CLANG_WARN_UNREACHABLE_CODE = YES;
				CLANG_WARN__DUPLICATE_METHOD_MATCH = YES;
				CODE_SIGN_IDENTITY = "iPhone Developer";
				COPY_PHASE_STRIP = NO;
				DEBUG_INFORMATION_FORMAT = "dwarf-with-dsym";
				ENABLE_NS_ASSERTIONS = NO;
				ENABLE_STRICT_OBJC_MSGSEND = YES;
				GCC_C_LANGUAGE_STANDARD = gnu11;
				GCC_NO_COMMON_BLOCKS = YES;
				GCC_WARN_64_TO_32_BIT_CONVERSION = YES;
				GCC_WARN_ABOUT_RETURN_TYPE = YES_ERROR;
				GCC_WARN_UNDECLARED_SELECTOR = YES;
				GCC_WARN_UNINITIALIZED_AUTOS = YES_AGGRESSIVE;
				GCC_WARN_UNUSED_FUNCTION = YES;
				GCC_WARN_UNUSED_VARIABLE = YES;
				IPHONEOS_DEPLOYMENT_TARGET = 11.1;
				MTL_ENABLE_DEBUG_INFO = NO;
				SDKROOT = iphoneos;
				SWIFT_OPTIMIZATION_LEVEL = "-Owholemodule";
				VALIDATE_PRODUCT = YES;
			};
			name = Release;
		};
		DAF6233A1FCD14F200B68D22 /* Debug */ = {
			isa = XCBuildConfiguration;
			baseConfigurationReference = 09F4640F99366922398B1FCE /* Pods-Laundrivery.debug.xcconfig */;
			buildSettings = {
				ASSETCATALOG_COMPILER_APPICON_NAME = AppIcon;
				"CODE_SIGN_IDENTITY[sdk=iphoneos*]" = "iPhone Developer";
				CODE_SIGN_STYLE = Automatic;
				DEVELOPMENT_TEAM = 5VCKER55Z5;
				INFOPLIST_FILE = Laundrivery/Info.plist;
				LD_RUNPATH_SEARCH_PATHS = "$(inherited) @executable_path/Frameworks";
				PRODUCT_BUNDLE_IDENTIFIER = com.difasanditya.laundrivery.www;
				PRODUCT_NAME = "$(TARGET_NAME)";
				PROVISIONING_PROFILE_SPECIFIER = "";
				SWIFT_VERSION = 4.0;
				TARGETED_DEVICE_FAMILY = "1,2";
			};
			name = Debug;
		};
		DAF6233B1FCD14F200B68D22 /* Release */ = {
			isa = XCBuildConfiguration;
			baseConfigurationReference = 24CE467133FE89ACE9B72186 /* Pods-Laundrivery.release.xcconfig */;
			buildSettings = {
				ASSETCATALOG_COMPILER_APPICON_NAME = AppIcon;
				"CODE_SIGN_IDENTITY[sdk=iphoneos*]" = "iPhone Developer";
				CODE_SIGN_STYLE = Automatic;
				DEVELOPMENT_TEAM = 5VCKER55Z5;
				INFOPLIST_FILE = Laundrivery/Info.plist;
				LD_RUNPATH_SEARCH_PATHS = "$(inherited) @executable_path/Frameworks";
				PRODUCT_BUNDLE_IDENTIFIER = com.difasanditya.laundrivery.www;
				PRODUCT_NAME = "$(TARGET_NAME)";
				PROVISIONING_PROFILE_SPECIFIER = "";
				SWIFT_VERSION = 4.0;
				TARGETED_DEVICE_FAMILY = "1,2";
			};
			name = Release;
		};
/* End XCBuildConfiguration section */

/* Begin XCConfigurationList section */
		DAF623221FCD14F200B68D22 /* Build configuration list for PBXProject "Laundrivery" */ = {
			isa = XCConfigurationList;
			buildConfigurations = (
				DAF623371FCD14F200B68D22 /* Debug */,
				DAF623381FCD14F200B68D22 /* Release */,
			);
			defaultConfigurationIsVisible = 0;
			defaultConfigurationName = Release;
		};
		DAF623391FCD14F200B68D22 /* Build configuration list for PBXNativeTarget "Laundrivery" */ = {
			isa = XCConfigurationList;
			buildConfigurations = (
				DAF6233A1FCD14F200B68D22 /* Debug */,
				DAF6233B1FCD14F200B68D22 /* Release */,
			);
			defaultConfigurationIsVisible = 0;
			defaultConfigurationName = Release;
		};
/* End XCConfigurationList section */

/* Begin XCVersionGroup section */
		DA26D12E1FD23A920054EDAB /* LocalData.xcdatamodeld */ = {
			isa = XCVersionGroup;
			children = (
				DA26D12F1FD23A920054EDAB /* LocalData.xcdatamodel */,
			);
			currentVersion = DA26D12F1FD23A920054EDAB /* LocalData.xcdatamodel */;
			path = LocalData.xcdatamodeld;
			sourceTree = "<group>";
			versionGroupType = wrapper.xcdatamodel;
		};
/* End XCVersionGroup section */
	};
	rootObject = DAF6231F1FCD14F200B68D22 /* Project object */;
}
