// !$*UTF8*$!
{
	archiveVersion = 1;
	classes = {
	};
	objectVersion = 48;
	objects = {

/* Begin PBXBuildFile section */
		DA26D1301FD23A920054EDAB /* LocalData.xcdatamodeld in Sources */ = {isa = PBXBuildFile; fileRef = DA26D12E1FD23A920054EDAB /* LocalData.xcdatamodeld */; };
		DAF6232B1FCD14F200B68D22 /* AppDelegate.swift in Sources */ = {isa = PBXBuildFile; fileRef = DAF6232A1FCD14F200B68D22 /* AppDelegate.swift */; };
		DAF6232D1FCD14F200B68D22 /* ViewController.swift in Sources */ = {isa = PBXBuildFile; fileRef = DAF6232C1FCD14F200B68D22 /* ViewController.swift */; };
		DAF623301FCD14F200B68D22 /* Main.storyboard in Resources */ = {isa = PBXBuildFile; fileRef = DAF6232E1FCD14F200B68D22 /* Main.storyboard */; };
		DAF623321FCD14F200B68D22 /* Assets.xcassets in Resources */ = {isa = PBXBuildFile; fileRef = DAF623311FCD14F200B68D22 /* Assets.xcassets */; };
		DAF623351FCD14F200B68D22 /* LaunchScreen.storyboard in Resources */ = {isa = PBXBuildFile; fileRef = DAF623331FCD14F200B68D22 /* LaunchScreen.storyboard */; };
/* End PBXBuildFile section */

/* Begin PBXFileReference section */
		DA26D12F1FD23A920054EDAB /* LocalData.xcdatamodel */ = {isa = PBXFileReference; lastKnownFileType = wrapper.xcdatamodel; path = LocalData.xcdatamodel; sourceTree = "<group>"; };
		DAF623271FCD14F200B68D22 /* Laundrivery.app */ = {isa = PBXFileReference; explicitFileType = wrapper.application; includeInIndex = 0; path = Laundrivery.app; sourceTree = BUILT_PRODUCTS_DIR; };
		DAF6232A1FCD14F200B68D22 /* AppDelegate.swift */ = {isa = PBXFileReference; lastKnownFileType = sourcecode.swift; path = AppDelegate.swift; sourceTree = "<group>"; };
		DAF6232C1FCD14F200B68D22 /* ViewController.swift */ = {isa = PBXFileReference; lastKnownFileType = sourcecode.swift; path = ViewController.swift; sourceTree = "<group>"; };
		DAF6232F1FCD14F200B68D22 /* Base */ = {isa = PBXFileReference; lastKnownFileType = file.storyboard; name = Base; path = Base.lproj/Main.storyboard; sourceTree = "<group>"; };
		DAF623311FCD14F200B68D22 /* Assets.xcassets */ = {isa = PBXFileReference; lastKnownFileType = folder.assetcatalog; path = Assets.xcassets; sourceTree = "<group>"; };
		DAF623341FCD14F200B68D22 /* Base */ = {isa = PBXFileReference; lastKnownFileType = file.storyboard; name = Base; path = Base.lproj/LaunchScreen.storyboard; sourceTree = "<group>"; };
		DAF623361FCD14F200B68D22 /* Info.plist */ = {isa = PBXFileReference; lastKnownFileType = text.plist.xml; path = Info.plist; sourceTree = "<group>"; };
/* End PBXFileReference section */

/* Begin PBXFrameworksBuildPhase section */
		DAF623241FCD14F200B68D22 /* Frameworks */ = {
			isa = PBXFrameworksBuildPhase;
			buildActionMask = 2147483647;
			files = (
			);
			runOnlyForDeploymentPostprocessing = 0;
		};
/* End PBXFrameworksBuildPhase section */

/* Begin PBXGroup section */
		DAF6231E1FCD14F200B68D22 = {
			isa = PBXGroup;
			children = (
				DAF623291FCD14F200B68D22 /* Laundrivery */,
				DAF623281FCD14F200B68D22 /* Products */,
			);
			sourceTree = "<group>";
		};
		DAF623281FCD14F200B68D22 /* Products */ = {
			isa = PBXGroup;
			children = (
				DAF623271FCD14F200B68D22 /* Laundrivery.app */,
			);
			name = Products;
			sourceTree = "<group>";
		};
		DAF623291FCD14F200B68D22 /* Laundrivery */ = {
			isa = PBXGroup;
			children = (
				DAF6232A1FCD14F200B68D22 /* AppDelegate.swift */,
				DAF6232C1FCD14F200B68D22 /* ViewController.swift */,
				DAF6232E1FCD14F200B68D22 /* Main.storyboard */,
				DAF623311FCD14F200B68D22 /* Assets.xcassets */,
				DAF623331FCD14F200B68D22 /* LaunchScreen.storyboard */,
				DAF623361FCD14F200B68D22 /* Info.plist */,
				DA26D12E1FD23A920054EDAB /* LocalData.xcdatamodeld */,
			);
			path = Laundrivery;
			sourceTree = "<group>";
		};
/* End PBXGroup section */

/* Begin PBXNativeTarget section */
		DAF623261FCD14F200B68D22 /* Laundrivery */ = {
			isa = PBXNativeTarget;
			buildConfigurationList = DAF623391FCD14F200B68D22 /* Build configuration list for PBXNativeTarget "Laundrivery" */;
			buildPhases = (
				DAF623231FCD14F200B68D22 /* Sources */,
				DAF623241FCD14F200B68D22 /* Frameworks */,
				DAF623251FCD14F200B68D22 /* Resources */,
			);
			buildRules = (
			);
			dependencies = (
			);
			name = Laundrivery;
			productName = Laundrivery;
			productReference = DAF623271FCD14F200B68D22 /* Laundrivery.app */;
			productType = "com.apple.product-type.application";
		};
/* End PBXNativeTarget section */

/* Begin PBXProject section */
		DAF6231F1FCD14F200B68D22 /* Project object */ = {
			isa = PBXProject;
			attributes = {
				LastSwiftUpdateCheck = 0910;
				LastUpgradeCheck = 0910;
				ORGANIZATIONNAME = "Difa Sanditya Alifian";
				TargetAttributes = {
					DAF623261FCD14F200B68D22 = {
						CreatedOnToolsVersion = 9.1;
						ProvisioningStyle = Automatic;
					};
				};
			};
			buildConfigurationList = DAF623221FCD14F200B68D22 /* Build configuration list for PBXProject "Laundrivery" */;
			compatibilityVersion = "Xcode 8.0";
			developmentRegion = en;
			hasScannedForEncodings = 0;
			knownRegions = (
				en,
				Base,
			);
			mainGroup = DAF6231E1FCD14F200B68D22;
			productRefGroup = DAF623281FCD14F200B68D22 /* Products */;
			projectDirPath = "";
			projectRoot = "";
			targets = (
				DAF623261FCD14F200B68D22 /* Laundrivery */,
			);
		};
/* End PBXProject section */

/* Begin PBXResourcesBuildPhase section */
		DAF623251FCD14F200B68D22 /* Resources */ = {
			isa = PBXResourcesBuildPhase;
			buildActionMask = 2147483647;
			files = (
				DAF623351FCD14F200B68D22 /* LaunchScreen.storyboard in Resources */,
				DAF623321FCD14F200B68D22 /* Assets.xcassets in Resources */,
				DAF623301FCD14F200B68D22 /* Main.storyboard in Resources */,
			);
			runOnlyForDeploymentPostprocessing = 0;
		};
/* End PBXResourcesBuildPhase section */

/* Begin PBXSourcesBuildPhase section */
		DAF623231FCD14F200B68D22 /* Sources */ = {
			isa = PBXSourcesBuildPhase;
			buildActionMask = 2147483647;
			files = (
				DAF6232D1FCD14F200B68D22 /* ViewController.swift in Sources */,
				DA26D1301FD23A920054EDAB /* LocalData.xcdatamodeld in Sources */,
				DAF6232B1FCD14F200B68D22 /* AppDelegate.swift in Sources */,
			);
			runOnlyForDeploymentPostprocessing = 0;
		};
/* End PBXSourcesBuildPhase section */

/* Begin PBXVariantGroup section */
		DAF6232E1FCD14F200B68D22 /* Main.storyboard */ = {
			isa = PBXVariantGroup;
			children = (
				DAF6232F1FCD14F200B68D22 /* Base */,
			);
			name = Main.storyboard;
			sourceTree = "<group>";
		};
		DAF623331FCD14F200B68D22 /* LaunchScreen.storyboard */ = {
			isa = PBXVariantGroup;
			children = (
				DAF623341FCD14F200B68D22 /* Base */,
			);
			name = LaunchScreen.storyboard;
			sourceTree = "<group>";
		};
/* End PBXVariantGroup section */

/* Begin XCBuildConfiguration section */
		DAF623371FCD14F200B68D22 /* Debug */ = {
			isa = XCBuildConfiguration;
			buildSettings = {
				ALWAYS_SEARCH_USER_PATHS = NO;
				CLANG_ANALYZER_NONNULL = YES;
				CLANG_ANALYZER_NUMBER_OBJECT_CONVERSION = YES_AGGRESSIVE;
				CLANG_CXX_LANGUAGE_STANDARD = "gnu++14";
				CLANG_CXX_LIBRARY = "libc++";
				CLANG_ENABLE_MODULES = YES;
				CLANG_ENABLE_OBJC_ARC = YES;
				CLANG_WARN_BLOCK_CAPTURE_AUTORELEASING = YES;
				CLANG_WARN_BOOL_CONVERSION = YES;
				CLANG_WARN_COMMA = YES;
				CLANG_WARN_CONSTANT_CONVERSION = YES;
				CLANG_WARN_DIRECT_OBJC_ISA_USAGE = YES_ERROR;
				CLANG_WARN_DOCUMENTATION_COMMENTS = YES;
				CLANG_WARN_EMPTY_BODY = YES;
				CLANG_WARN_ENUM_CONVERSION = YES;
				CLANG_WARN_INFINITE_RECURSION = YES;
				CLANG_WARN_INT_CONVERSION = YES;
				CLANG_WARN_NON_LITERAL_NULL_CONVERSION = YES;
				CLANG_WARN_OBJC_LITERAL_CONVERSION = YES;
				CLANG_WARN_OBJC_ROOT_CLASS = YES_ERROR;
				CLANG_WARN_RANGE_LOOP_ANALYSIS = YES;
				CLANG_WARN_STRICT_PROTOTYPES = YES;
				CLANG_WARN_SUSPICIOUS_MOVE = YES;
				CLANG_WARN_UNGUARDED_AVAILABILITY = YES_AGGRESSIVE;
				CLANG_WARN_UNREACHABLE_CODE = YES;
				CLANG_WARN__DUPLICATE_METHOD_MATCH = YES;
				CODE_SIGN_IDENTITY = "iPhone Developer";
				COPY_PHASE_STRIP = NO;
				DEBUG_INFORMATION_FORMAT = dwarf;
				ENABLE_STRICT_OBJC_MSGSEND = YES;
				ENABLE_TESTABILITY = YES;
				GCC_C_LANGUAGE_STANDARD = gnu11;
				GCC_DYNAMIC_NO_PIC = NO;
				GCC_NO_COMMON_BLOCKS = YES;
				GCC_OPTIMIZATION_LEVEL = 0;
				GCC_PREPROCESSOR_DEFINITIONS = (
					"DEBUG=1",
					"$(inherited)",
				);
				GCC_WARN_64_TO_32_BIT_CONVERSION = YES;
				GCC_WARN_ABOUT_RETURN_TYPE = YES_ERROR;
				GCC_WARN_UNDECLARED_SELECTOR = YES;
				GCC_WARN_UNINITIALIZED_AUTOS = YES_AGGRESSIVE;
				GCC_WARN_UNUSED_FUNCTION = YES;
				GCC_WARN_UNUSED_VARIABLE = YES;
				IPHONEOS_DEPLOYMENT_TARGET = 11.1;
				MTL_ENABLE_DEBUG_INFO = YES;
				ONLY_ACTIVE_ARCH = YES;
				SDKROOT = iphoneos;
				SWIFT_ACTIVE_COMPILATION_CONDITIONS = DEBUG;
				SWIFT_OPTIMIZATION_LEVEL = "-Onone";
			};
			name = Debug;
		};
		DAF623381FCD14F200B68D22 /* Release */ = {
			isa = XCBuildConfiguration;
			buildSettings = {
				ALWAYS_SEARCH_USER_PATHS = NO;
				CLANG_ANALYZER_NONNULL = YES;
				CLANG_ANALYZER_NUMBER_OBJECT_CONVERSION = YES_AGGRESSIVE;
				CLANG_CXX_LANGUAGE_STANDARD = "gnu++14";
				CLANG_CXX_LIBRARY = "libc++";
				CLANG_ENABLE_MODULES = YES;
				CLANG_ENABLE_OBJC_ARC = YES;
				CLANG_WARN_BLOCK_CAPTURE_AUTORELEASING = YES;
				CLANG_WARN_BOOL_CONVERSION = YES;
				CLANG_WARN_COMMA = YES;
				CLANG_WARN_CONSTANT_CONVERSION = YES;
				CLANG_WARN_DIRECT_OBJC_ISA_USAGE = YES_ERROR;
				CLANG_WARN_DOCUMENTATION_COMMENTS = YES;
				CLANG_WARN_EMPTY_BODY = YES;
				CLANG_WARN_ENUM_CONVERSION = YES;
				CLANG_WARN_INFINITE_RECURSION = YES;
				CLANG_WARN_INT_CONVERSION = YES;
				CLANG_WARN_NON_LITERAL_NULL_CONVERSION = YES;
				CLANG_WARN_OBJC_LITERAL_CONVERSION = YES;
				CLANG_WARN_OBJC_ROOT_CLASS = YES_ERROR;
				CLANG_WARN_RANGE_LOOP_ANALYSIS = YES;
				CLANG_WARN_STRICT_PROTOTYPES = YES;
				CLANG_WARN_SUSPICIOUS_MOVE = YES;
				CLANG_WARN_UNGUARDED_AVAILABILITY = YES_AGGRESSIVE;
				CLANG_WARN_UNREACHABLE_CODE = YES;
				CLANG_WARN__DUPLICATE_METHOD_MATCH = YES;
				CODE_SIGN_IDENTITY = "iPhone Developer";
				COPY_PHASE_STRIP = NO;
				DEBUG_INFORMATION_FORMAT = "dwarf-with-dsym";
				ENABLE_NS_ASSERTIONS = NO;
				ENABLE_STRICT_OBJC_MSGSEND = YES;
				GCC_C_LANGUAGE_STANDARD = gnu11;
				GCC_NO_COMMON_BLOCKS = YES;
				GCC_WARN_64_TO_32_BIT_CONVERSION = YES;
				GCC_WARN_ABOUT_RETURN_TYPE = YES_ERROR;
				GCC_WARN_UNDECLARED_SELECTOR = YES;
				GCC_WARN_UNINITIALIZED_AUTOS = YES_AGGRESSIVE;
				GCC_WARN_UNUSED_FUNCTION = YES;
				GCC_WARN_UNUSED_VARIABLE = YES;
				IPHONEOS_DEPLOYMENT_TARGET = 11.1;
				MTL_ENABLE_DEBUG_INFO = NO;
				SDKROOT = iphoneos;
				SWIFT_OPTIMIZATION_LEVEL = "-Owholemodule";
				VALIDATE_PRODUCT = YES;
			};
			name = Release;
		};
		DAF6233A1FCD14F200B68D22 /* Debug */ = {
			isa = XCBuildConfiguration;
			buildSettings = {
				ASSETCATALOG_COMPILER_APPICON_NAME = AppIcon;
				CODE_SIGN_STYLE = Automatic;
				DEVELOPMENT_TEAM = 5VCKER55Z5;
				INFOPLIST_FILE = Laundrivery/Info.plist;
				LD_RUNPATH_SEARCH_PATHS = "$(inherited) @executable_path/Frameworks";
				PRODUCT_BUNDLE_IDENTIFIER = com.difasanditya.Laundrivery;
				PRODUCT_NAME = "$(TARGET_NAME)";
				SWIFT_VERSION = 4.0;
				TARGETED_DEVICE_FAMILY = "1,2";
			};
			name = Debug;
		};
		DAF6233B1FCD14F200B68D22 /* Release */ = {
			isa = XCBuildConfiguration;
			buildSettings = {
				ASSETCATALOG_COMPILER_APPICON_NAME = AppIcon;
				CODE_SIGN_STYLE = Automatic;
				DEVELOPMENT_TEAM = 5VCKER55Z5;
				INFOPLIST_FILE = Laundrivery/Info.plist;
				LD_RUNPATH_SEARCH_PATHS = "$(inherited) @executable_path/Frameworks";
				PRODUCT_BUNDLE_IDENTIFIER = com.difasanditya.Laundrivery;
				PRODUCT_NAME = "$(TARGET_NAME)";
				SWIFT_VERSION = 4.0;
				TARGETED_DEVICE_FAMILY = "1,2";
			};
			name = Release;
		};
/* End XCBuildConfiguration section */

/* Begin XCConfigurationList section */
		DAF623221FCD14F200B68D22 /* Build configuration list for PBXProject "Laundrivery" */ = {
			isa = XCConfigurationList;
			buildConfigurations = (
				DAF623371FCD14F200B68D22 /* Debug */,
				DAF623381FCD14F200B68D22 /* Release */,
			);
			defaultConfigurationIsVisible = 0;
			defaultConfigurationName = Release;
		};
		DAF623391FCD14F200B68D22 /* Build configuration list for PBXNativeTarget "Laundrivery" */ = {
			isa = XCConfigurationList;
			buildConfigurations = (
				DAF6233A1FCD14F200B68D22 /* Debug */,
				DAF6233B1FCD14F200B68D22 /* Release */,
			);
			defaultConfigurationIsVisible = 0;
			defaultConfigurationName = Release;
		};
/* End XCConfigurationList section */

/* Begin XCVersionGroup section */
		DA26D12E1FD23A920054EDAB /* LocalData.xcdatamodeld */ = {
			isa = XCVersionGroup;
			children = (
				DA26D12F1FD23A920054EDAB /* LocalData.xcdatamodel */,
			);
			currentVersion = DA26D12F1FD23A920054EDAB /* LocalData.xcdatamodel */;
			path = LocalData.xcdatamodeld;
			sourceTree = "<group>";
			versionGroupType = wrapper.xcdatamodel;
		};
/* End XCVersionGroup section */
	};
	rootObject = DAF6231F1FCD14F200B68D22 /* Project object */;
}
